// !$*UTF8*$!
{
	archiveVersion = 1;
	classes = {
	};
	objectVersion = 77;
	objects = {

/* Begin PBXBuildFile section */
		A10000000000000000000001 /* ComposableArchitecture in Frameworks */ = {isa = PBXBuildFile; productRef = A10000000000000000000002 /* ComposableArchitecture */; };
/* End PBXBuildFile section */

/* Begin PBXContainerItemProxy section */
		65D387F430682D4800429F99 /* PBXContainerItemProxy */ = {
			isa = PBXContainerItemProxy;
			containerPortal = 65D387DE30682D4700429F99 /* Project object */;
			proxyType = 1;
			remoteGlobalIDString = 65D387E530682D4700429F99;
			remoteInfo = FinAI;
		};
		65D387FE30682D4800429F99 /* PBXContainerItemProxy */ = {
			isa = PBXContainerItemProxy;
			containerPortal = 65D387DE30682D4700429F99 /* Project object */;
			proxyType = 1;
			remoteGlobalIDString = 65D387E530682D4700429F99;
			remoteInfo = FinAI;
		};
/* End PBXContainerItemProxy section */

/* Begin PBXFileReference section */
		65D387E630682D4700429F99 /* FinAI.app */ = {isa = PBXFileReference; explicitFileType = wrapper.application; includeInIndex = 0; path = FinAI.app; sourceTree = BUILT_PRODUCTS_DIR; };
		65D387F330682D4800429F99 /* FinAITests.xctest */ = {isa = PBXFileReference; explicitFileType = wrapper.cfbundle; includeInIndex = 0; path = FinAITests.xctest; sourceTree = BUILT_PRODUCTS_DIR; };
		65D387FD30682D4800429F99 /* FinAIUITests.xctest */ = {isa = PBXFileReference; explicitFileType = wrapper.cfbundle; includeInIndex = 0; path = FinAIUITests.xctest; sourceTree = BUILT_PRODUCTS_DIR; };
/* End PBXFileReference section */

/* Begin PBXFileSystemSynchronizedRootGroup section */
		65D387E830682D4700429F99 /* FinAI */ = {
			isa = PBXFileSystemSynchronizedRootGroup;
			path = FinAI;
			sourceTree = "<group>";
		};
		65D387F630682D4800429F99 /* FinAITests */ = {
			isa = PBXFileSystemSynchronizedRootGroup;
			path = FinAITests;
			sourceTree = "<group>";
		};
		65D3880030682D4800429F99 /* FinAIUITests */ = {
			isa = PBXFileSystemSynchronizedRootGroup;
			path = FinAIUITests;
			sourceTree = "<group>";
		};
		A20000000000000000000001 /* Shared */ = {
			isa = PBXFileSystemSynchronizedRootGroup;
			path = Shared;
			sourceTree = "<group>";
		};
/* End PBXFileSystemSynchronizedRootGroup section */

/* Begin PBXFrameworksBuildPhase section */
		65D387E330682D4700429F99 /* Frameworks */ = {
			isa = PBXFrameworksBuildPhase;
			files = (
				A10000000000000000000001 /* ComposableArchitecture in Frameworks */,
			);
		};
		65D387F030682D4800429F99 /* Frameworks */ = {
			isa = PBXFrameworksBuildPhase;
			files = (
			);
		};
		65D387FA30682D4800429F99 /* Frameworks */ = {
			isa = PBXFrameworksBuildPhase;
			files = (
			);
		};
/* End PBXFrameworksBuildPhase section */

/* Begin PBXGroup section */
		65D387DD30682D4700429F99 = {
			isa = PBXGroup;
			children = (
				65D387E830682D4700429F99 /* FinAI */,
				65D387F630682D4800429F99 /* FinAITests */,
				65D3880030682D4800429F99 /* FinAIUITests */,
				A20000000000000000000001 /* Shared */,
				65D387E730682D4700429F99 /* Products */,
			);
			sourceTree = "<group>";
		};
		65D387E730682D4700429F99 /* Products */ = {
			isa = PBXGroup;
			children = (
				65D387E630682D4700429F99 /* FinAI.app */,
				65D387F330682D4800429F99 /* FinAITests.xctest */,
				65D387FD30682D4800429F99 /* FinAIUITests.xctest */,
			);
			name = Products;
			sourceTree = "<group>";
		};
/* End PBXGroup section */

/* Begin PBXNativeTarget section */
		65D387E530682D4700429F99 /* FinAI */ = {
			isa = PBXNativeTarget;
			buildConfigurationList = 65D3880530682D4800429F99 /* Build configuration list for PBXNativeTarget "FinAI" */;
			buildPhases = (
				65D387E230682D4700429F99 /* Sources */,
				65D387E330682D4700429F99 /* Frameworks */,
				65D387E430682D4700429F99 /* Resources */,
			);
			buildRules = (
			);
			fileSystemSynchronizedGroups = (
				A20000000000000000000001 /* Shared */,
				65D387E830682D4700429F99 /* FinAI */,
			);
			packageProductDependencies = (A10000000000000000000002 /* ComposableArchitecture */);
			name = FinAI;
			productName = FinAI;
			productReference = 65D387E630682D4700429F99 /* FinAI.app */;
			productType = "com.apple.product-type.application";
		};
		65D387F230682D4800429F99 /* FinAITests */ = {
			isa = PBXNativeTarget;
			buildConfigurationList = 65D3880830682D4800429F99 /* Build configuration list for PBXNativeTarget "FinAITests" */;
			buildPhases = (
				65D387EF30682D4800429F99 /* Sources */,
				65D387F030682D4800429F99 /* Frameworks */,
				65D387F130682D4800429F99 /* Resources */,
			);
			buildRules = (
			);
			dependencies = (
				65D387F530682D4800429F99 /* PBXTargetDependency */,
			);
			fileSystemSynchronizedGroups = (
				65D387F630682D4800429F99 /* FinAITests */,
			);
			name = FinAITests;
			productName = FinAITests;
			productReference = 65D387F330682D4800429F99 /* FinAITests.xctest */;
			productType = "com.apple.product-type.bundle.unit-test";
		};
		65D387FC30682D4800429F99 /* FinAIUITests */ = {
			isa = PBXNativeTarget;
			buildConfigurationList = 65D3880B30682D4800429F99 /* Build configuration list for PBXNativeTarget "FinAIUITests" */;
			buildPhases = (
				65D387F930682D4800429F99 /* Sources */,
				65D387FA30682D4800429F99 /* Frameworks */,
				65D387FB30682D4800429F99 /* Resources */,
			);
			buildRules = (
			);
			dependencies = (
				65D387FF30682D4800429F99 /* PBXTargetDependency */,
			);
			fileSystemSynchronizedGroups = (
				65D3880030682D4800429F99 /* FinAIUITests */,
				A20000000000000000000001 /* Shared */,
			);
			name = FinAIUITests;
			productName = FinAIUITests;
			productReference = 65D387FD30682D4800429F99 /* FinAIUITests.xctest */;
			productType = "com.apple.product-type.bundle.ui-testing";
		};
/* End PBXNativeTarget section */

/* Begin PBXProject section */
		65D387DE30682D4700429F99 /* Project object */ = {
			isa = PBXProject;
			attributes = {
				BuildIndependentTargetsInParallel = 1;
				LastSwiftUpdateCheck = 2700;
				LastUpgradeCheck = 2700;
				TargetAttributes = {
					65D387E530682D4700429F99 = {
						CreatedOnToolsVersion = 27.0;
					};
					65D387F230682D4800429F99 = {
						CreatedOnToolsVersion = 27.0;
						TestTargetID = 65D387E530682D4700429F99;
					};
					65D387FC30682D4800429F99 = {
						CreatedOnToolsVersion = 27.0;
						TestTargetID = 65D387E530682D4700429F99;
					};
				};
			};
			buildConfigurationList = 65D387E130682D4700429F99 /* Build configuration list for PBXProject "FinAI" */;
			developmentRegion = en;
			hasScannedForEncodings = 0;
			knownRegions = (
				en,
				Base,
			);
			mainGroup = 65D387DD30682D4700429F99;
			minimizedProjectReferenceProxies = 1;
			preferredProjectObjectVersion = 77;
			productRefGroup = 65D387E730682D4700429F99 /* Products */;
			packageReferences = (A10000000000000000000005 /* swift-composable-architecture */);
			projectDirPath = "";
			projectRoot = "";
			targets = (
				65D387E530682D4700429F99 /* FinAI */,
				65D387F230682D4800429F99 /* FinAITests */,
				65D387FC30682D4800429F99 /* FinAIUITests */,
			);
		};
/* End PBXProject section */

/* Begin PBXResourcesBuildPhase section */
		65D387E430682D4700429F99 /* Resources */ = {
			isa = PBXResourcesBuildPhase;
			files = (
			);
		};
		65D387F130682D4800429F99 /* Resources */ = {
			isa = PBXResourcesBuildPhase;
			files = (
			);
		};
		65D387FB30682D4800429F99 /* Resources */ = {
			isa = PBXResourcesBuildPhase;
			files = (
			);
		};
/* End PBXResourcesBuildPhase section */

/* Begin PBXSourcesBuildPhase section */
		65D387E230682D4700429F99 /* Sources */ = {
			isa = PBXSourcesBuildPhase;
			files = (
			);
		};
		65D387EF30682D4800429F99 /* Sources */ = {
			isa = PBXSourcesBuildPhase;
			files = (
			);
		};
		65D387F930682D4800429F99 /* Sources */ = {
			isa = PBXSourcesBuildPhase;
			files = (
			);
		};
/* End PBXSourcesBuildPhase section */

/* Begin PBXTargetDependency section */
		65D387F530682D4800429F99 /* PBXTargetDependency */ = {
			isa = PBXTargetDependency;
			target = 65D387E530682D4700429F99 /* FinAI */;
			targetProxy = 65D387F430682D4800429F99 /* PBXContainerItemProxy */;
		};
		65D387FF30682D4800429F99 /* PBXTargetDependency */ = {
			isa = PBXTargetDependency;
			target = 65D387E530682D4700429F99 /* FinAI */;
			targetProxy = 65D387FE30682D4800429F99 /* PBXContainerItemProxy */;
		};
/* End PBXTargetDependency section */

/* Begin XCRemoteSwiftPackageReference section */
        A10000000000000000000005 /* swift-composable-architecture */ = {
            isa = XCRemoteSwiftPackageReference;
            repositoryURL = "https://github.com/pointfreeco/swift-composable-architecture";
            requirement = { kind = exactVersion; version = 1.26.2; };
        };
/* End XCRemoteSwiftPackageReference section */
/* Begin XCSwiftPackageProductDependency section */
        A10000000000000000000002 /* ComposableArchitecture */ = {
            isa = XCSwiftPackageProductDependency;
            package = A10000000000000000000005;
            productName = ComposableArchitecture;
        };
/* End XCSwiftPackageProductDependency section */

/* Begin XCBuildConfiguration section */
		65D3880330682D4800429F99 /* Debug configuration for PBXProject "FinAI" */ = {
			isa = XCBuildConfiguration;
			buildSettings = {
				ALWAYS_SEARCH_USER_PATHS = NO;
				ASSETCATALOG_COMPILER_GENERATE_SWIFT_ASSET_SYMBOL_EXTENSIONS = YES;
				CLANG_ANALYZER_NONNULL = YES;
				CLANG_ANALYZER_NUMBER_OBJECT_CONVERSION = YES_AGGRESSIVE;
				CLANG_CXX_LANGUAGE_STANDARD = "gnu++20";
				CLANG_ENABLE_MODULES = YES;
				CLANG_ENABLE_OBJC_ARC = YES;
				CLANG_ENABLE_OBJC_WEAK = YES;
				CLANG_WARN_BLOCK_CAPTURE_AUTORELEASING = YES;
				CLANG_WARN_BOOL_CONVERSION = YES;
				CLANG_WARN_COMMA = YES;
				CLANG_WARN_CONSTANT_CONVERSION = YES;
				CLANG_WARN_DEPRECATED_OBJC_IMPLEMENTATIONS = YES;
				CLANG_WARN_DIRECT_OBJC_ISA_USAGE = YES_ERROR;
				CLANG_WARN_DOCUMENTATION_COMMENTS = YES;
				CLANG_WARN_EMPTY_BODY = YES;
				CLANG_WARN_ENUM_CONVERSION = YES;
				CLANG_WARN_INFINITE_RECURSION = YES;
				CLANG_WARN_INT_CONVERSION = YES;
				CLANG_WARN_NON_LITERAL_NULL_CONVERSION = YES;
				CLANG_WARN_OBJC_IMPLICIT_RETAIN_SELF = YES;
				CLANG_WARN_OBJC_LITERAL_CONVERSION = YES;
				CLANG_WARN_OBJC_ROOT_CLASS = YES_ERROR;
				CLANG_WARN_QUOTED_INCLUDE_IN_FRAMEWORK_HEADER = YES;
				CLANG_WARN_RANGE_LOOP_ANALYSIS = YES;
				CLANG_WARN_STRICT_PROTOTYPES = YES;
				CLANG_WARN_SUSPICIOUS_MOVE = YES;
				CLANG_WARN_UNGUARDED_AVAILABILITY = YES_AGGRESSIVE;
				CLANG_WARN_UNREACHABLE_CODE = YES;
				CLANG_WARN__DUPLICATE_METHOD_MATCH = YES;
				COPY_PHASE_STRIP = NO;
				DEBUG_INFORMATION_FORMAT = dwarf;
				DEVELOPMENT_TEAM = "";
				ENABLE_STRICT_OBJC_MSGSEND = YES;
				ENABLE_TESTABILITY = YES;
				ENABLE_USER_SCRIPT_SANDBOXING = YES;
				GCC_C_LANGUAGE_STANDARD = gnu17;
				GCC_DYNAMIC_NO_PIC = NO;
				GCC_NO_COMMON_BLOCKS = YES;
				GCC_OPTIMIZATION_LEVEL = 0;
				GCC_PREPROCESSOR_DEFINITIONS = (
					"DEBUG=1",
					"$(inherited)",
				);
				GCC_WARN_64_TO_32_BIT_CONVERSION = YES;
				GCC_WARN_ABOUT_RETURN_TYPE = YES_ERROR;
				GCC_WARN_UNDECLARED_SELECTOR = YES;
				GCC_WARN_UNINITIALIZED_AUTOS = YES_AGGRESSIVE;
				GCC_WARN_UNUSED_FUNCTION = YES;
				GCC_WARN_UNUSED_VARIABLE = YES;
				IPHONEOS_DEPLOYMENT_TARGET = 26.0;
				LOCALIZATION_PREFERS_STRING_CATALOGS = YES;
				MTL_ENABLE_DEBUG_INFO = INCLUDE_SOURCE;
				MTL_FAST_MATH = YES;
				ONLY_ACTIVE_ARCH = YES;
				SDKROOT = iphoneos;
				SWIFT_ACTIVE_COMPILATION_CONDITIONS = "DEBUG $(inherited)";
				SWIFT_OPTIMIZATION_LEVEL = "-Onone";
			};
			name = Debug;
		};
		65D3880430682D4800429F99 /* Release configuration for PBXProject "FinAI" */ = {
			isa = XCBuildConfiguration;
			buildSettings = {
				ALWAYS_SEARCH_USER_PATHS = NO;
				ASSETCATALOG_COMPILER_GENERATE_SWIFT_ASSET_SYMBOL_EXTENSIONS = YES;
				CLANG_ANALYZER_NONNULL = YES;
				CLANG_ANALYZER_NUMBER_OBJECT_CONVERSION = YES_AGGRESSIVE;
				CLANG_CXX_LANGUAGE_STANDARD = "gnu++20";
				CLANG_ENABLE_MODULES = YES;
				CLANG_ENABLE_OBJC_ARC = YES;
				CLANG_ENABLE_OBJC_WEAK = YES;
				CLANG_WARN_BLOCK_CAPTURE_AUTORELEASING = YES;
				CLANG_WARN_BOOL_CONVERSION = YES;
				CLANG_WARN_COMMA = YES;
				CLANG_WARN_CONSTANT_CONVERSION = YES;
				CLANG_WARN_DEPRECATED_OBJC_IMPLEMENTATIONS = YES;
				CLANG_WARN_DIRECT_OBJC_ISA_USAGE = YES_ERROR;
				CLANG_WARN_DOCUMENTATION_COMMENTS = YES;
				CLANG_WARN_EMPTY_BODY = YES;
				CLANG_WARN_ENUM_CONVERSION = YES;
				CLANG_WARN_INFINITE_RECURSION = YES;
				CLANG_WARN_INT_CONVERSION = YES;
				CLANG_WARN_NON_LITERAL_NULL_CONVERSION = YES;
				CLANG_WARN_OBJC_IMPLICIT_RETAIN_SELF = YES;
				CLANG_WARN_OBJC_LITERAL_CONVERSION = YES;
				CLANG_WARN_OBJC_ROOT_CLASS = YES_ERROR;
				CLANG_WARN_QUOTED_INCLUDE_IN_FRAMEWORK_HEADER = YES;
				CLANG_WARN_RANGE_LOOP_ANALYSIS = YES;
				CLANG_WARN_STRICT_PROTOTYPES = YES;
				CLANG_WARN_SUSPICIOUS_MOVE = YES;
				CLANG_WARN_UNGUARDED_AVAILABILITY = YES_AGGRESSIVE;
				CLANG_WARN_UNREACHABLE_CODE = YES;
				CLANG_WARN__DUPLICATE_METHOD_MATCH = YES;
				COPY_PHASE_STRIP = NO;
				DEBUG_INFORMATION_FORMAT = "dwarf-with-dsym";
				DEVELOPMENT_TEAM = "";
				ENABLE_NS_ASSERTIONS = NO;
				ENABLE_STRICT_OBJC_MSGSEND = YES;
				ENABLE_USER_SCRIPT_SANDBOXING = YES;
				GCC_C_LANGUAGE_STANDARD = gnu17;
				GCC_NO_COMMON_BLOCKS = YES;
				GCC_WARN_64_TO_32_BIT_CONVERSION = YES;
				GCC_WARN_ABOUT_RETURN_TYPE = YES_ERROR;
				GCC_WARN_UNDECLARED_SELECTOR = YES;
				GCC_WARN_UNINITIALIZED_AUTOS = YES_AGGRESSIVE;
				GCC_WARN_UNUSED_FUNCTION = YES;
				GCC_WARN_UNUSED_VARIABLE = YES;
				IPHONEOS_DEPLOYMENT_TARGET = 26.0;
				LOCALIZATION_PREFERS_STRING_CATALOGS = YES;
				MTL_ENABLE_DEBUG_INFO = NO;
				MTL_FAST_MATH = YES;
				SDKROOT = iphoneos;
				SWIFT_COMPILATION_MODE = wholemodule;
				VALIDATE_PRODUCT = YES;
			};
			name = Release;
		};
		65D3880630682D4800429F99 /* Debug configuration for PBXNativeTarget "FinAI" */ = {
			isa = XCBuildConfiguration;
			buildSettings = {
				ASSETCATALOG_COMPILER_APPICON_NAME = AppIcon;
				ASSETCATALOG_COMPILER_GLOBAL_ACCENT_COLOR_NAME = AccentColor;
				CODE_SIGN_STYLE = Automatic;
				CURRENT_PROJECT_VERSION = 1;
				DEVELOPMENT_TEAM = "";
				ENABLE_PREVIEWS = YES;
				GENERATE_INFOPLIST_FILE = YES;
				INFOPLIST_KEY_UIApplicationSceneManifest_Generation = YES;
				INFOPLIST_KEY_UIApplicationSupportsIndirectInputEvents = YES;
				INFOPLIST_KEY_UILaunchScreen_Generation = YES;
				INFOPLIST_KEY_UISupportedInterfaceOrientations_iPad = "UIInterfaceOrientationPortrait UIInterfaceOrientationPortraitUpsideDown UIInterfaceOrientationLandscapeLeft UIInterfaceOrientationLandscapeRight";
				INFOPLIST_KEY_UISupportedInterfaceOrientations_iPhone = "UIInterfaceOrientationPortrait UIInterfaceOrientationLandscapeLeft UIInterfaceOrientationLandscapeRight";
				LD_RUNPATH_SEARCH_PATHS = (
					"$(inherited)",
					"@executable_path/Frameworks",
				);
				MARKETING_VERSION = 0.1.0;
				PRODUCT_BUNDLE_IDENTIFIER = com.finai.app.FinAI;
				PRODUCT_NAME = "$(TARGET_NAME)";
				STRING_CATALOG_GENERATE_SYMBOLS = YES;
				SWIFT_APPROACHABLE_CONCURRENCY = YES;
				SWIFT_DEFAULT_ACTOR_ISOLATION = nonisolated;
				SWIFT_EMIT_LOC_STRINGS = YES;
				SWIFT_UPCOMING_FEATURE_MEMBER_IMPORT_VISIBILITY = YES;
				SWIFT_VERSION = 6.0;
				SWIFT_STRICT_CONCURRENCY = complete;
				TARGETED_DEVICE_FAMILY = "1,2";
			};
			name = Debug;
		};
		65D3880730682D4800429F99 /* Release configuration for PBXNativeTarget "FinAI" */ = {
			isa = XCBuildConfiguration;
			buildSettings = {
				ASSETCATALOG_COMPILER_APPICON_NAME = AppIcon;
				ASSETCATALOG_COMPILER_GLOBAL_ACCENT_COLOR_NAME = AccentColor;
				CODE_SIGN_STYLE = Automatic;
				CURRENT_PROJECT_VERSION = 1;
				DEVELOPMENT_TEAM = "";
				ENABLE_PREVIEWS = YES;
				GENERATE_INFOPLIST_FILE = YES;
				INFOPLIST_KEY_UIApplicationSceneManifest_Generation = YES;
				INFOPLIST_KEY_UIApplicationSupportsIndirectInputEvents = YES;
				INFOPLIST_KEY_UILaunchScreen_Generation = YES;
				INFOPLIST_KEY_UISupportedInterfaceOrientations_iPad = "UIInterfaceOrientationPortrait UIInterfaceOrientationPortraitUpsideDown UIInterfaceOrientationLandscapeLeft UIInterfaceOrientationLandscapeRight";
				INFOPLIST_KEY_UISupportedInterfaceOrientations_iPhone = "UIInterfaceOrientationPortrait UIInterfaceOrientationLandscapeLeft UIInterfaceOrientationLandscapeRight";
				LD_RUNPATH_SEARCH_PATHS = (
					"$(inherited)",
					"@executable_path/Frameworks",
				);
				MARKETING_VERSION = 0.1.0;
				PRODUCT_BUNDLE_IDENTIFIER = com.finai.app.FinAI;
				PRODUCT_NAME = "$(TARGET_NAME)";
				STRING_CATALOG_GENERATE_SYMBOLS = YES;
				SWIFT_APPROACHABLE_CONCURRENCY = YES;
				SWIFT_DEFAULT_ACTOR_ISOLATION = nonisolated;
				SWIFT_EMIT_LOC_STRINGS = YES;
				SWIFT_UPCOMING_FEATURE_MEMBER_IMPORT_VISIBILITY = YES;
				SWIFT_VERSION = 6.0;
				SWIFT_STRICT_CONCURRENCY = complete;
				TARGETED_DEVICE_FAMILY = "1,2";
			};
			name = Release;
		};
		65D3880930682D4800429F99 /* Debug configuration for PBXNativeTarget "FinAITests" */ = {
			isa = XCBuildConfiguration;
			buildSettings = {
				BUNDLE_LOADER = "$(TEST_HOST)";
				CODE_SIGN_STYLE = Automatic;
				CURRENT_PROJECT_VERSION = 1;
				DEVELOPMENT_TEAM = "";
				GENERATE_INFOPLIST_FILE = YES;
				IPHONEOS_DEPLOYMENT_TARGET = 26.0;
				MARKETING_VERSION = 0.1.0;
				PRODUCT_BUNDLE_IDENTIFIER = com.finai.app.FinAITests;
				PRODUCT_NAME = "$(TARGET_NAME)";
				STRING_CATALOG_GENERATE_SYMBOLS = NO;
				SWIFT_APPROACHABLE_CONCURRENCY = YES;
				SWIFT_EMIT_LOC_STRINGS = NO;
				SWIFT_UPCOMING_FEATURE_MEMBER_IMPORT_VISIBILITY = YES;
				SWIFT_VERSION = 6.0;
				SWIFT_STRICT_CONCURRENCY = complete;
				TARGETED_DEVICE_FAMILY = "1,2";
				TEST_HOST = "$(BUILT_PRODUCTS_DIR)/FinAI.app/$(BUNDLE_EXECUTABLE_FOLDER_PATH)/FinAI";
			};
			name = Debug;
		};
		65D3880A30682D4800429F99 /* Release configuration for PBXNativeTarget "FinAITests" */ = {
			isa = XCBuildConfiguration;
			buildSettings = {
				BUNDLE_LOADER = "$(TEST_HOST)";
				CODE_SIGN_STYLE = Automatic;
				CURRENT_PROJECT_VERSION = 1;
				DEVELOPMENT_TEAM = "";
				GENERATE_INFOPLIST_FILE = YES;
				IPHONEOS_DEPLOYMENT_TARGET = 26.0;
				MARKETING_VERSION = 0.1.0;
				PRODUCT_BUNDLE_IDENTIFIER = com.finai.app.FinAITests;
				PRODUCT_NAME = "$(TARGET_NAME)";
				STRING_CATALOG_GENERATE_SYMBOLS = NO;
				SWIFT_APPROACHABLE_CONCURRENCY = YES;
				SWIFT_EMIT_LOC_STRINGS = NO;
				SWIFT_UPCOMING_FEATURE_MEMBER_IMPORT_VISIBILITY = YES;
				SWIFT_VERSION = 6.0;
				SWIFT_STRICT_CONCURRENCY = complete;
				TARGETED_DEVICE_FAMILY = "1,2";
				TEST_HOST = "$(BUILT_PRODUCTS_DIR)/FinAI.app/$(BUNDLE_EXECUTABLE_FOLDER_PATH)/FinAI";
			};
			name = Release;
		};
		65D3880C30682D4800429F99 /* Debug configuration for PBXNativeTarget "FinAIUITests" */ = {
			isa = XCBuildConfiguration;
			buildSettings = {
				CODE_SIGN_STYLE = Automatic;
				CURRENT_PROJECT_VERSION = 1;
				DEVELOPMENT_TEAM = "";
				GENERATE_INFOPLIST_FILE = YES;
				MARKETING_VERSION = 0.1.0;
				PRODUCT_BUNDLE_IDENTIFIER = com.finai.app.FinAIUITests;
				PRODUCT_NAME = "$(TARGET_NAME)";
				STRING_CATALOG_GENERATE_SYMBOLS = NO;
				SWIFT_APPROACHABLE_CONCURRENCY = YES;
				SWIFT_EMIT_LOC_STRINGS = NO;
				SWIFT_UPCOMING_FEATURE_MEMBER_IMPORT_VISIBILITY = YES;
				SWIFT_VERSION = 6.0;
				SWIFT_STRICT_CONCURRENCY = complete;
				TARGETED_DEVICE_FAMILY = "1,2";
				TEST_TARGET_NAME = FinAI;
			};
			name = Debug;
		};
		65D3880D30682D4800429F99 /* Release configuration for PBXNativeTarget "FinAIUITests" */ = {
			isa = XCBuildConfiguration;
			buildSettings = {
				CODE_SIGN_STYLE = Automatic;
				CURRENT_PROJECT_VERSION = 1;
				DEVELOPMENT_TEAM = "";
				GENERATE_INFOPLIST_FILE = YES;
				MARKETING_VERSION = 0.1.0;
				PRODUCT_BUNDLE_IDENTIFIER = com.finai.app.FinAIUITests;
				PRODUCT_NAME = "$(TARGET_NAME)";
				STRING_CATALOG_GENERATE_SYMBOLS = NO;
				SWIFT_APPROACHABLE_CONCURRENCY = YES;
				SWIFT_EMIT_LOC_STRINGS = NO;
				SWIFT_UPCOMING_FEATURE_MEMBER_IMPORT_VISIBILITY = YES;
				SWIFT_VERSION = 6.0;
				SWIFT_STRICT_CONCURRENCY = complete;
				TARGETED_DEVICE_FAMILY = "1,2";
				TEST_TARGET_NAME = FinAI;
			};
			name = Release;
		};
/* End XCBuildConfiguration section */

/* Begin XCConfigurationList section */
		65D387E130682D4700429F99 /* Build configuration list for PBXProject "FinAI" */ = {
			isa = XCConfigurationList;
			buildConfigurations = (
				65D3880330682D4800429F99 /* Debug configuration for PBXProject "FinAI" */,
				65D3880430682D4800429F99 /* Release configuration for PBXProject "FinAI" */,
			);
			defaultConfigurationName = Release;
		};
		65D3880530682D4800429F99 /* Build configuration list for PBXNativeTarget "FinAI" */ = {
			isa = XCConfigurationList;
			buildConfigurations = (
				65D3880630682D4800429F99 /* Debug configuration for PBXNativeTarget "FinAI" */,
				65D3880730682D4800429F99 /* Release configuration for PBXNativeTarget "FinAI" */,
			);
			defaultConfigurationName = Release;
		};
		65D3880830682D4800429F99 /* Build configuration list for PBXNativeTarget "FinAITests" */ = {
			isa = XCConfigurationList;
			buildConfigurations = (
				65D3880930682D4800429F99 /* Debug configuration for PBXNativeTarget "FinAITests" */,
				65D3880A30682D4800429F99 /* Release configuration for PBXNativeTarget "FinAITests" */,
			);
			defaultConfigurationName = Release;
		};
		65D3880B30682D4800429F99 /* Build configuration list for PBXNativeTarget "FinAIUITests" */ = {
			isa = XCConfigurationList;
			buildConfigurations = (
				65D3880C30682D4800429F99 /* Debug configuration for PBXNativeTarget "FinAIUITests" */,
				65D3880D30682D4800429F99 /* Release configuration for PBXNativeTarget "FinAIUITests" */,
			);
			defaultConfigurationName = Release;
		};
/* End XCConfigurationList section */
	};
	rootObject = 65D387DE30682D4700429F99 /* Project object */;
	validationLevel = 1;
}
